
Microsoft Visual Studio Solution File, Format Version 12.00
# Visual Studio Version 17
VisualStudioVersion = 17.12.35527.113 d17.12
MinimumVisualStudioVersion = 10.0.40219.1
Project("{FAE04EC0-301F-11D3-BF4B-00C04F79EFBC}") = "its31_lez06_mongo_api", "its31_lez06_mongo_api\its31_lez06_mongo_api.csproj", "{6E15F4BF-6AD5-4097-9ACF-F0590C15879C}"
EndProject
Global
	GlobalSection(SolutionConfigurationPlatforms) = preSolution
		Debug|Any CPU = Debug|Any CPU
		Release|Any CPU = Release|Any CPU
	EndGlobalSection
	GlobalSection(ProjectConfigurationPlatforms) = postSolution
		{6E15F4BF-6AD5-4097-9ACF-F0590C15879C}.Debug|Any CPU.ActiveCfg = Debug|Any CPU
		{6E15F4BF-6AD5-4097-9ACF-F0590C15879C}.Debug|Any CPU.Build.0 = Debug|Any CPU
		{6E15F4BF-6AD5-4097-9ACF-F0590C15879C}.Release|Any CPU.ActiveCfg = Release|Any CPU
		{6E15F4BF-6AD5-4097-9ACF-F0590C15879C}.Release|Any CPU.Build.0 = Release|Any CPU
	EndGlobalSection
	GlobalSection(SolutionProperties) = preSolution
		HideSolutionNode = FALSE
	EndGlobalSection
EndGlobal
